// !$*UTF8*$!
{
	archiveVersion = 1;
	classes = {
	};
	objectVersion = 50;
	objects = {

/* Begin PBXBuildFile section */
		3EFDF1599711AA5DF84C1A0F /* Pods_OpenWeather.framework in Frameworks */ = {isa = PBXBuildFile; fileRef = DC89D03053F4147ACC024267 /* Pods_OpenWeather.framework */; };
		F99D905E23336F640019A04F /* AppDelegate.swift in Sources */ = {isa = PBXBuildFile; fileRef = F99D905D23336F640019A04F /* AppDelegate.swift */; };
		F99D906023336F640019A04F /* ViewController.swift in Sources */ = {isa = PBXBuildFile; fileRef = F99D905F23336F640019A04F /* ViewController.swift */; };
		F99D906323336F640019A04F /* Main.storyboard in Resources */ = {isa = PBXBuildFile; fileRef = F99D906123336F640019A04F /* Main.storyboard */; };
		F99D906623336F640019A04F /* OpenWeather.xcdatamodeld in Sources */ = {isa = PBXBuildFile; fileRef = F99D906423336F640019A04F /* OpenWeather.xcdatamodeld */; };
		F99D906823336F660019A04F /* Assets.xcassets in Resources */ = {isa = PBXBuildFile; fileRef = F99D906723336F660019A04F /* Assets.xcassets */; };
		F99D906B23336F660019A04F /* LaunchScreen.storyboard in Resources */ = {isa = PBXBuildFile; fileRef = F99D906923336F660019A04F /* LaunchScreen.storyboard */; };
		F99D90962334000D0019A04F /* WeatherEntity.swift in Sources */ = {isa = PBXBuildFile; fileRef = F99D90952334000D0019A04F /* WeatherEntity.swift */; };
		F99D9099233409E50019A04F /* CommonUtils.swift in Sources */ = {isa = PBXBuildFile; fileRef = F99D9098233409E50019A04F /* CommonUtils.swift */; };
		F99D909B23340A150019A04F /* UIAppUtils.swift in Sources */ = {isa = PBXBuildFile; fileRef = F99D909A23340A150019A04F /* UIAppUtils.swift */; };
		F9DBBF47233486830017D8F9 /* Helper.swift in Sources */ = {isa = PBXBuildFile; fileRef = F9DBBF46233486830017D8F9 /* Helper.swift */; };
		F9DBBF49233487C20017D8F9 /* WeatherRouter.swift in Sources */ = {isa = PBXBuildFile; fileRef = F9DBBF48233487C20017D8F9 /* WeatherRouter.swift */; };
		F9DBBF4B233487EC0017D8F9 /* WeatherViewController.swift in Sources */ = {isa = PBXBuildFile; fileRef = F9DBBF4A233487EC0017D8F9 /* WeatherViewController.swift */; };
		F9DBBF4D233488810017D8F9 /* WeatherPresenter.swift in Sources */ = {isa = PBXBuildFile; fileRef = F9DBBF4C233488810017D8F9 /* WeatherPresenter.swift */; };
/* End PBXBuildFile section */

/* Begin PBXFileReference section */
		7ED51C36D43EDD52989FB07F /* Pods-OpenWeather.release.xcconfig */ = {isa = PBXFileReference; includeInIndex = 1; lastKnownFileType = text.xcconfig; name = "Pods-OpenWeather.release.xcconfig"; path = "Target Support Files/Pods-OpenWeather/Pods-OpenWeather.release.xcconfig"; sourceTree = "<group>"; };
		9BCF87507CA1D56C819E7B20 /* Pods-OpenWeather.debug.xcconfig */ = {isa = PBXFileReference; includeInIndex = 1; lastKnownFileType = text.xcconfig; name = "Pods-OpenWeather.debug.xcconfig"; path = "Target Support Files/Pods-OpenWeather/Pods-OpenWeather.debug.xcconfig"; sourceTree = "<group>"; };
		DC89D03053F4147ACC024267 /* Pods_OpenWeather.framework */ = {isa = PBXFileReference; explicitFileType = wrapper.framework; includeInIndex = 0; path = Pods_OpenWeather.framework; sourceTree = BUILT_PRODUCTS_DIR; };
		F99D905A23336F640019A04F /* OpenWeather.app */ = {isa = PBXFileReference; explicitFileType = wrapper.application; includeInIndex = 0; path = OpenWeather.app; sourceTree = BUILT_PRODUCTS_DIR; };
		F99D905D23336F640019A04F /* AppDelegate.swift */ = {isa = PBXFileReference; lastKnownFileType = sourcecode.swift; path = AppDelegate.swift; sourceTree = "<group>"; };
		F99D905F23336F640019A04F /* ViewController.swift */ = {isa = PBXFileReference; lastKnownFileType = sourcecode.swift; path = ViewController.swift; sourceTree = "<group>"; };
		F99D906223336F640019A04F /* Base */ = {isa = PBXFileReference; lastKnownFileType = file.storyboard; name = Base; path = Base.lproj/Main.storyboard; sourceTree = "<group>"; };
		F99D906523336F640019A04F /* OpenWeather.xcdatamodel */ = {isa = PBXFileReference; lastKnownFileType = wrapper.xcdatamodel; path = OpenWeather.xcdatamodel; sourceTree = "<group>"; };
		F99D906723336F660019A04F /* Assets.xcassets */ = {isa = PBXFileReference; lastKnownFileType = folder.assetcatalog; path = Assets.xcassets; sourceTree = "<group>"; };
		F99D906A23336F660019A04F /* Base */ = {isa = PBXFileReference; lastKnownFileType = file.storyboard; name = Base; path = Base.lproj/LaunchScreen.storyboard; sourceTree = "<group>"; };
		F99D906C23336F660019A04F /* Info.plist */ = {isa = PBXFileReference; lastKnownFileType = text.plist.xml; path = Info.plist; sourceTree = "<group>"; };
		F99D90952334000D0019A04F /* WeatherEntity.swift */ = {isa = PBXFileReference; lastKnownFileType = sourcecode.swift; path = WeatherEntity.swift; sourceTree = "<group>"; };
		F99D9098233409E50019A04F /* CommonUtils.swift */ = {isa = PBXFileReference; lastKnownFileType = sourcecode.swift; path = CommonUtils.swift; sourceTree = "<group>"; };
		F99D909A23340A150019A04F /* UIAppUtils.swift */ = {isa = PBXFileReference; lastKnownFileType = sourcecode.swift; path = UIAppUtils.swift; sourceTree = "<group>"; };
		F9DBBF46233486830017D8F9 /* Helper.swift */ = {isa = PBXFileReference; lastKnownFileType = sourcecode.swift; path = Helper.swift; sourceTree = "<group>"; };
		F9DBBF48233487C20017D8F9 /* WeatherRouter.swift */ = {isa = PBXFileReference; lastKnownFileType = sourcecode.swift; path = WeatherRouter.swift; sourceTree = "<group>"; };
		F9DBBF4A233487EC0017D8F9 /* WeatherViewController.swift */ = {isa = PBXFileReference; lastKnownFileType = sourcecode.swift; path = WeatherViewController.swift; sourceTree = "<group>"; };
		F9DBBF4C233488810017D8F9 /* WeatherPresenter.swift */ = {isa = PBXFileReference; lastKnownFileType = sourcecode.swift; path = WeatherPresenter.swift; sourceTree = "<group>"; };
/* End PBXFileReference section */

/* Begin PBXFrameworksBuildPhase section */
		F99D905723336F640019A04F /* Frameworks */ = {
			isa = PBXFrameworksBuildPhase;
			buildActionMask = 2147483647;
			files = (
				3EFDF1599711AA5DF84C1A0F /* Pods_OpenWeather.framework in Frameworks */,
			);
			runOnlyForDeploymentPostprocessing = 0;
		};
/* End PBXFrameworksBuildPhase section */

/* Begin PBXGroup section */
		5AC9268D63DCBBD3E1950FA6 /* Frameworks */ = {
			isa = PBXGroup;
			children = (
				DC89D03053F4147ACC024267 /* Pods_OpenWeather.framework */,
			);
			name = Frameworks;
			sourceTree = "<group>";
		};
		AFD30330A7D291A7C9D4706D /* Pods */ = {
			isa = PBXGroup;
			children = (
				9BCF87507CA1D56C819E7B20 /* Pods-OpenWeather.debug.xcconfig */,
				7ED51C36D43EDD52989FB07F /* Pods-OpenWeather.release.xcconfig */,
			);
			path = Pods;
			sourceTree = "<group>";
		};
		F99D905123336F640019A04F = {
			isa = PBXGroup;
			children = (
				F99D905C23336F640019A04F /* OpenWeather */,
				F99D905B23336F640019A04F /* Products */,
				AFD30330A7D291A7C9D4706D /* Pods */,
				5AC9268D63DCBBD3E1950FA6 /* Frameworks */,
			);
			sourceTree = "<group>";
		};
		F99D905B23336F640019A04F /* Products */ = {
			isa = PBXGroup;
			children = (
				F99D905A23336F640019A04F /* OpenWeather.app */,
			);
			name = Products;
			sourceTree = "<group>";
		};
		F99D905C23336F640019A04F /* OpenWeather */ = {
			isa = PBXGroup;
			children = (
				F99D9097233409BA0019A04F /* Weather-module */,
				F99D905D23336F640019A04F /* AppDelegate.swift */,
				F99D905F23336F640019A04F /* ViewController.swift */,
				F99D906123336F640019A04F /* Main.storyboard */,
				F99D906723336F660019A04F /* Assets.xcassets */,
				F99D906923336F660019A04F /* LaunchScreen.storyboard */,
				F99D906C23336F660019A04F /* Info.plist */,
				F99D906423336F640019A04F /* OpenWeather.xcdatamodeld */,
				F99D9098233409E50019A04F /* CommonUtils.swift */,
				F99D909A23340A150019A04F /* UIAppUtils.swift */,
				F9DBBF46233486830017D8F9 /* Helper.swift */,
			);
			path = OpenWeather;
			sourceTree = "<group>";
		};
		F99D9097233409BA0019A04F /* Weather-module */ = {
			isa = PBXGroup;
			children = (
				F99D90952334000D0019A04F /* WeatherEntity.swift */,
				F9DBBF48233487C20017D8F9 /* WeatherRouter.swift */,
				F9DBBF4A233487EC0017D8F9 /* WeatherViewController.swift */,
				F9DBBF4C233488810017D8F9 /* WeatherPresenter.swift */,
			);
			path = "Weather-module";
			sourceTree = "<group>";
		};
/* End PBXGroup section */

/* Begin PBXNativeTarget section */
		F99D905923336F640019A04F /* OpenWeather */ = {
			isa = PBXNativeTarget;
			buildConfigurationList = F99D906F23336F660019A04F /* Build configuration list for PBXNativeTarget "OpenWeather" */;
			buildPhases = (
				E51085068B264B0578AE7D43 /* [CP] Check Pods Manifest.lock */,
				F99D905623336F640019A04F /* Sources */,
				F99D905723336F640019A04F /* Frameworks */,
				F99D905823336F640019A04F /* Resources */,
				1DDC23A8014D0718728F8B7E /* [CP] Embed Pods Frameworks */,
			);
			buildRules = (
			);
			dependencies = (
			);
			name = OpenWeather;
			productName = OpenWeather;
			productReference = F99D905A23336F640019A04F /* OpenWeather.app */;
			productType = "com.apple.product-type.application";
		};
/* End PBXNativeTarget section */

/* Begin PBXProject section */
		F99D905223336F640019A04F /* Project object */ = {
			isa = PBXProject;
			attributes = {
				LastSwiftUpdateCheck = 1030;
				LastUpgradeCheck = 1030;
				ORGANIZATIONNAME = "Kishor Pahalwani";
				TargetAttributes = {
					F99D905923336F640019A04F = {
						CreatedOnToolsVersion = 10.3;
					};
				};
			};
			buildConfigurationList = F99D905523336F640019A04F /* Build configuration list for PBXProject "OpenWeather" */;
			compatibilityVersion = "Xcode 9.3";
			developmentRegion = en;
			hasScannedForEncodings = 0;
			knownRegions = (
				en,
				Base,
			);
			mainGroup = F99D905123336F640019A04F;
			productRefGroup = F99D905B23336F640019A04F /* Products */;
			projectDirPath = "";
			projectRoot = "";
			targets = (
				F99D905923336F640019A04F /* OpenWeather */,
			);
		};
/* End PBXProject section */

/* Begin PBXResourcesBuildPhase section */
		F99D905823336F640019A04F /* Resources */ = {
			isa = PBXResourcesBuildPhase;
			buildActionMask = 2147483647;
			files = (
				F99D906B23336F660019A04F /* LaunchScreen.storyboard in Resources */,
				F99D906823336F660019A04F /* Assets.xcassets in Resources */,
				F99D906323336F640019A04F /* Main.storyboard in Resources */,
			);
			runOnlyForDeploymentPostprocessing = 0;
		};
/* End PBXResourcesBuildPhase section */

/* Begin PBXShellScriptBuildPhase section */
		1DDC23A8014D0718728F8B7E /* [CP] Embed Pods Frameworks */ = {
			isa = PBXShellScriptBuildPhase;
			buildActionMask = 2147483647;
			files = (
			);
			inputFileListPaths = (
				"${PODS_ROOT}/Target Support Files/Pods-OpenWeather/Pods-OpenWeather-frameworks-${CONFIGURATION}-input-files.xcfilelist",
			);
			name = "[CP] Embed Pods Frameworks";
			outputFileListPaths = (
				"${PODS_ROOT}/Target Support Files/Pods-OpenWeather/Pods-OpenWeather-frameworks-${CONFIGURATION}-output-files.xcfilelist",
			);
			runOnlyForDeploymentPostprocessing = 0;
			shellPath = /bin/sh;
			shellScript = "\"${PODS_ROOT}/Target Support Files/Pods-OpenWeather/Pods-OpenWeather-frameworks.sh\"\n";
			showEnvVarsInLog = 0;
		};
		E51085068B264B0578AE7D43 /* [CP] Check Pods Manifest.lock */ = {
			isa = PBXShellScriptBuildPhase;
			buildActionMask = 2147483647;
			files = (
			);
			inputFileListPaths = (
			);
			inputPaths = (
				"${PODS_PODFILE_DIR_PATH}/Podfile.lock",
				"${PODS_ROOT}/Manifest.lock",
			);
			name = "[CP] Check Pods Manifest.lock";
			outputFileListPaths = (
			);
			outputPaths = (
				"$(DERIVED_FILE_DIR)/Pods-OpenWeather-checkManifestLockResult.txt",
			);
			runOnlyForDeploymentPostprocessing = 0;
			shellPath = /bin/sh;
			shellScript = "diff \"${PODS_PODFILE_DIR_PATH}/Podfile.lock\" \"${PODS_ROOT}/Manifest.lock\" > /dev/null\nif [ $? != 0 ] ; then\n    # print error to STDERR\n    echo \"error: The sandbox is not in sync with the Podfile.lock. Run 'pod install' or update your CocoaPods installation.\" >&2\n    exit 1\nfi\n# This output is used by Xcode 'outputs' to avoid re-running this script phase.\necho \"SUCCESS\" > \"${SCRIPT_OUTPUT_FILE_0}\"\n";
			showEnvVarsInLog = 0;
		};
/* End PBXShellScriptBuildPhase section */

/* Begin PBXSourcesBuildPhase section */
		F99D905623336F640019A04F /* Sources */ = {
			isa = PBXSourcesBuildPhase;
			buildActionMask = 2147483647;
			files = (
				F99D906023336F640019A04F /* ViewController.swift in Sources */,
				F9DBBF4B233487EC0017D8F9 /* WeatherViewController.swift in Sources */,
				F9DBBF47233486830017D8F9 /* Helper.swift in Sources */,
				F99D9099233409E50019A04F /* CommonUtils.swift in Sources */,
				F99D906623336F640019A04F /* OpenWeather.xcdatamodeld in Sources */,
				F9DBBF4D233488810017D8F9 /* WeatherPresenter.swift in Sources */,
				F99D905E23336F640019A04F /* AppDelegate.swift in Sources */,
				F99D90962334000D0019A04F /* WeatherEntity.swift in Sources */,
				F99D909B23340A150019A04F /* UIAppUtils.swift in Sources */,
				F9DBBF49233487C20017D8F9 /* WeatherRouter.swift in Sources */,
			);
			runOnlyForDeploymentPostprocessing = 0;
		};
/* End PBXSourcesBuildPhase section */

/* Begin PBXVariantGroup section */
		F99D906123336F640019A04F /* Main.storyboard */ = {
			isa = PBXVariantGroup;
			children = (
				F99D906223336F640019A04F /* Base */,
			);
			name = Main.storyboard;
			sourceTree = "<group>";
		};
		F99D906923336F660019A04F /* LaunchScreen.storyboard */ = {
			isa = PBXVariantGroup;
			children = (
				F99D906A23336F660019A04F /* Base */,
			);
			name = LaunchScreen.storyboard;
			sourceTree = "<group>";
		};
/* End PBXVariantGroup section */

/* Begin XCBuildConfiguration section */
		F99D906D23336F660019A04F /* Debug */ = {
			isa = XCBuildConfiguration;
			buildSettings = {
				ALWAYS_SEARCH_USER_PATHS = NO;
				CLANG_ANALYZER_NONNULL = YES;
				CLANG_ANALYZER_NUMBER_OBJECT_CONVERSION = YES_AGGRESSIVE;
				CLANG_CXX_LANGUAGE_STANDARD = "gnu++14";
				CLANG_CXX_LIBRARY = "libc++";
				CLANG_ENABLE_MODULES = YES;
				CLANG_ENABLE_OBJC_ARC = YES;
				CLANG_ENABLE_OBJC_WEAK = YES;
				CLANG_WARN_BLOCK_CAPTURE_AUTORELEASING = YES;
				CLANG_WARN_BOOL_CONVERSION = YES;
				CLANG_WARN_COMMA = YES;
				CLANG_WARN_CONSTANT_CONVERSION = YES;
				CLANG_WARN_DEPRECATED_OBJC_IMPLEMENTATIONS = YES;
				CLANG_WARN_DIRECT_OBJC_ISA_USAGE = YES_ERROR;
				CLANG_WARN_DOCUMENTATION_COMMENTS = YES;
				CLANG_WARN_EMPTY_BODY = YES;
				CLANG_WARN_ENUM_CONVERSION = YES;
				CLANG_WARN_INFINITE_RECURSION = YES;
				CLANG_WARN_INT_CONVERSION = YES;
				CLANG_WARN_NON_LITERAL_NULL_CONVERSION = YES;
				CLANG_WARN_OBJC_IMPLICIT_RETAIN_SELF = YES;
				CLANG_WARN_OBJC_LITERAL_CONVERSION = YES;
				CLANG_WARN_OBJC_ROOT_CLASS = YES_ERROR;
				CLANG_WARN_RANGE_LOOP_ANALYSIS = YES;
				CLANG_WARN_STRICT_PROTOTYPES = YES;
				CLANG_WARN_SUSPICIOUS_MOVE = YES;
				CLANG_WARN_UNGUARDED_AVAILABILITY = YES_AGGRESSIVE;
				CLANG_WARN_UNREACHABLE_CODE = YES;
				CLANG_WARN__DUPLICATE_METHOD_MATCH = YES;
				CODE_SIGN_IDENTITY = "iPhone Developer";
				COPY_PHASE_STRIP = NO;
				DEBUG_INFORMATION_FORMAT = dwarf;
				ENABLE_STRICT_OBJC_MSGSEND = YES;
				ENABLE_TESTABILITY = YES;
				GCC_C_LANGUAGE_STANDARD = gnu11;
				GCC_DYNAMIC_NO_PIC = NO;
				GCC_NO_COMMON_BLOCKS = YES;
				GCC_OPTIMIZATION_LEVEL = 0;
				GCC_PREPROCESSOR_DEFINITIONS = (
					"DEBUG=1",
					"$(inherited)",
				);
				GCC_WARN_64_TO_32_BIT_CONVERSION = YES;
				GCC_WARN_ABOUT_RETURN_TYPE = YES_ERROR;
				GCC_WARN_UNDECLARED_SELECTOR = YES;
				GCC_WARN_UNINITIALIZED_AUTOS = YES_AGGRESSIVE;
				GCC_WARN_UNUSED_FUNCTION = YES;
				GCC_WARN_UNUSED_VARIABLE = YES;
				IPHONEOS_DEPLOYMENT_TARGET = 12.4;
				MTL_ENABLE_DEBUG_INFO = INCLUDE_SOURCE;
				MTL_FAST_MATH = YES;
				ONLY_ACTIVE_ARCH = YES;
				SDKROOT = iphoneos;
				SWIFT_ACTIVE_COMPILATION_CONDITIONS = DEBUG;
				SWIFT_OPTIMIZATION_LEVEL = "-Onone";
			};
			name = Debug;
		};
		F99D906E23336F660019A04F /* Release */ = {
			isa = XCBuildConfiguration;
			buildSettings = {
				ALWAYS_SEARCH_USER_PATHS = NO;
				CLANG_ANALYZER_NONNULL = YES;
				CLANG_ANALYZER_NUMBER_OBJECT_CONVERSION = YES_AGGRESSIVE;
				CLANG_CXX_LANGUAGE_STANDARD = "gnu++14";
				CLANG_CXX_LIBRARY = "libc++";
				CLANG_ENABLE_MODULES = YES;
				CLANG_ENABLE_OBJC_ARC = YES;
				CLANG_ENABLE_OBJC_WEAK = YES;
				CLANG_WARN_BLOCK_CAPTURE_AUTORELEASING = YES;
				CLANG_WARN_BOOL_CONVERSION = YES;
				CLANG_WARN_COMMA = YES;
				CLANG_WARN_CONSTANT_CONVERSION = YES;
				CLANG_WARN_DEPRECATED_OBJC_IMPLEMENTATIONS = YES;
				CLANG_WARN_DIRECT_OBJC_ISA_USAGE = YES_ERROR;
				CLANG_WARN_DOCUMENTATION_COMMENTS = YES;
				CLANG_WARN_EMPTY_BODY = YES;
				CLANG_WARN_ENUM_CONVERSION = YES;
				CLANG_WARN_INFINITE_RECURSION = YES;
				CLANG_WARN_INT_CONVERSION = YES;
				CLANG_WARN_NON_LITERAL_NULL_CONVERSION = YES;
				CLANG_WARN_OBJC_IMPLICIT_RETAIN_SELF = YES;
				CLANG_WARN_OBJC_LITERAL_CONVERSION = YES;
				CLANG_WARN_OBJC_ROOT_CLASS = YES_ERROR;
				CLANG_WARN_RANGE_LOOP_ANALYSIS = YES;
				CLANG_WARN_STRICT_PROTOTYPES = YES;
				CLANG_WARN_SUSPICIOUS_MOVE = YES;
				CLANG_WARN_UNGUARDED_AVAILABILITY = YES_AGGRESSIVE;
				CLANG_WARN_UNREACHABLE_CODE = YES;
				CLANG_WARN__DUPLICATE_METHOD_MATCH = YES;
				CODE_SIGN_IDENTITY = "iPhone Developer";
				COPY_PHASE_STRIP = NO;
				DEBUG_INFORMATION_FORMAT = "dwarf-with-dsym";
				ENABLE_NS_ASSERTIONS = NO;
				ENABLE_STRICT_OBJC_MSGSEND = YES;
				GCC_C_LANGUAGE_STANDARD = gnu11;
				GCC_NO_COMMON_BLOCKS = YES;
				GCC_WARN_64_TO_32_BIT_CONVERSION = YES;
				GCC_WARN_ABOUT_RETURN_TYPE = YES_ERROR;
				GCC_WARN_UNDECLARED_SELECTOR = YES;
				GCC_WARN_UNINITIALIZED_AUTOS = YES_AGGRESSIVE;
				GCC_WARN_UNUSED_FUNCTION = YES;
				GCC_WARN_UNUSED_VARIABLE = YES;
				IPHONEOS_DEPLOYMENT_TARGET = 12.4;
				MTL_ENABLE_DEBUG_INFO = NO;
				MTL_FAST_MATH = YES;
				SDKROOT = iphoneos;
				SWIFT_COMPILATION_MODE = wholemodule;
				SWIFT_OPTIMIZATION_LEVEL = "-O";
				VALIDATE_PRODUCT = YES;
			};
			name = Release;
		};
		F99D907023336F660019A04F /* Debug */ = {
			isa = XCBuildConfiguration;
			baseConfigurationReference = 9BCF87507CA1D56C819E7B20 /* Pods-OpenWeather.debug.xcconfig */;
			buildSettings = {
				ASSETCATALOG_COMPILER_APPICON_NAME = AppIcon;
				CODE_SIGN_STYLE = Automatic;
				INFOPLIST_FILE = OpenWeather/Info.plist;
				LD_RUNPATH_SEARCH_PATHS = (
					"$(inherited)",
					"@executable_path/Frameworks",
				);
				PRODUCT_BUNDLE_IDENTIFIER = com.impelsys.OpenWeather;
				PRODUCT_NAME = "$(TARGET_NAME)";
				SWIFT_VERSION = 5.0;
				TARGETED_DEVICE_FAMILY = "1,2";
			};
			name = Debug;
		};
		F99D907123336F660019A04F /* Release */ = {
			isa = XCBuildConfiguration;
			baseConfigurationReference = 7ED51C36D43EDD52989FB07F /* Pods-OpenWeather.release.xcconfig */;
			buildSettings = {
				ASSETCATALOG_COMPILER_APPICON_NAME = AppIcon;
				CODE_SIGN_STYLE = Automatic;
				INFOPLIST_FILE = OpenWeather/Info.plist;
				LD_RUNPATH_SEARCH_PATHS = (
					"$(inherited)",
					"@executable_path/Frameworks",
				);
				PRODUCT_BUNDLE_IDENTIFIER = com.impelsys.OpenWeather;
				PRODUCT_NAME = "$(TARGET_NAME)";
				SWIFT_VERSION = 5.0;
				TARGETED_DEVICE_FAMILY = "1,2";
			};
			name = Release;
		};
/* End XCBuildConfiguration section */

/* Begin XCConfigurationList section */
		F99D905523336F640019A04F /* Build configuration list for PBXProject "OpenWeather" */ = {
			isa = XCConfigurationList;
			buildConfigurations = (
				F99D906D23336F660019A04F /* Debug */,
				F99D906E23336F660019A04F /* Release */,
			);
			defaultConfigurationIsVisible = 0;
			defaultConfigurationName = Release;
		};
		F99D906F23336F660019A04F /* Build configuration list for PBXNativeTarget "OpenWeather" */ = {
			isa = XCConfigurationList;
			buildConfigurations = (
				F99D907023336F660019A04F /* Debug */,
				F99D907123336F660019A04F /* Release */,
			);
			defaultConfigurationIsVisible = 0;
			defaultConfigurationName = Release;
		};
/* End XCConfigurationList section */

/* Begin XCVersionGroup section */
		F99D906423336F640019A04F /* OpenWeather.xcdatamodeld */ = {
			isa = XCVersionGroup;
			children = (
				F99D906523336F640019A04F /* OpenWeather.xcdatamodel */,
			);
			currentVersion = F99D906523336F640019A04F /* OpenWeather.xcdatamodel */;
			path = OpenWeather.xcdatamodeld;
			sourceTree = "<group>";
			versionGroupType = wrapper.xcdatamodel;
		};
/* End XCVersionGroup section */
	};
	rootObject = F99D905223336F640019A04F /* Project object */;
}
